
Microsoft Visual Studio Solution File, Format Version 12.00
# Visual Studio Version 16
VisualStudioVersion = 16.0.29709.97
MinimumVisualStudioVersion = 10.0.40219.1
Project("{FAE04EC0-301F-11D3-BF4B-00C04F79EFBC}") = "calculadoraPJ", "calculadoraPJ.csproj", "{EE5FA7F7-6D6F-4EBE-B7EC-5928A5EDE097}"
EndProject
Global
	GlobalSection(SolutionConfigurationPlatforms) = preSolution
		Debug|Any CPU = Debug|Any CPU
		Release|Any CPU = Release|Any CPU
	EndGlobalSection
	GlobalSection(ProjectConfigurationPlatforms) = postSolution
		{EE5FA7F7-6D6F-4EBE-B7EC-5928A5EDE097}.Debug|Any CPU.ActiveCfg = Debug|Any CPU
		{EE5FA7F7-6D6F-4EBE-B7EC-5928A5EDE097}.Debug|Any CPU.Build.0 = Debug|Any CPU
		{EE5FA7F7-6D6F-4EBE-B7EC-5928A5EDE097}.Release|Any CPU.ActiveCfg = Release|Any CPU
		{EE5FA7F7-6D6F-4EBE-B7EC-5928A5EDE097}.Release|Any CPU.Build.0 = Release|Any CPU
	EndGlobalSection
	GlobalSection(SolutionProperties) = preSolution
		HideSolutionNode = FALSE
	EndGlobalSection
	GlobalSection(ExtensibilityGlobals) = postSolution
		SolutionGuid = {03A82DA7-BD09-4067-A216-8465A91C1AF9}
	EndGlobalSection
EndGlobal
